<?xml version="1.0" encoding="utf-8"?>
<Project ToolsVersion="4.0" xmlns="http://schemas.microsoft.com/developer/msbuild/2003">
  <ItemGroup>
    <Filter Include="DLL">
      <UniqueIdentifier>{9addfba9-7359-4b6c-a366-b04c8541b035}</UniqueIdentifier>
    </Filter>
  </ItemGroup>
  <ItemGroup>
    <ClCompile Include="Source\Dll.cpp">
      <Filter>DLL</Filter>
    </ClCompile>
    <ClCompile Include="Source\MyBot.cpp" />
    <ClCompile Include="Brains.cpp" />
  </ItemGroup>
  <ItemGroup>
    <ClInclude Include="Source\MyBot.h" />
    <ClInclude Include="Brains.h" />
  </ItemGroup>
</Project>