<?xml version="1.0" encoding="utf-8"?>
<Project ToolsVersion="4.0" xmlns="http://schemas.microsoft.com/developer/msbuild/2003">
  <ItemGroup>
    <Filter Include="DLL">
      <UniqueIdentifier>{9addfba9-7359-4b6c-a366-b04c8541b035}</UniqueIdentifier>
    </Filter>
    <Filter Include="Headers">
      <UniqueIdentifier>{0cde158b-613f-4bef-b38c-ae83db5b1c52}</UniqueIdentifier>
    </Filter>
  </ItemGroup>
  <ItemGroup>
    <ClCompile Include="Source\Dll.cpp">
      <Filter>DLL</Filter>
    </ClCompile>
    <ClCompile Include="Source\MyBot.cpp" />
    <ClCompile Include="Source\Brain.cpp" />
    <ClCompile Include="Source\Helper.cpp" />
  </ItemGroup>
  <ItemGroup>
    <ClInclude Include="Source\Brain.h">
      <Filter>Headers</Filter>
    </ClInclude>
    <ClInclude Include="Source\MyBot.h">
      <Filter>Headers</Filter>
    </ClInclude>
  </ItemGroup>
</Project>